
Microsoft Visual Studio Solution File, Format Version 12.00
# Visual Studio Version 16
VisualStudioVersion = 16.0.31515.178
MinimumVisualStudioVersion = 10.0.40219.1
Project("{FAE04EC0-301F-11D3-BF4B-00C04F79EFBC}") = "FormCRUD", "FormCRUD.csproj", "{8B032327-4CA9-4ACC-881D-E50962EC9B94}"
EndProject
Global
	GlobalSection(SolutionConfigurationPlatforms) = preSolution
		Debug|Any CPU = Debug|Any CPU
		Release|Any CPU = Release|Any CPU
	EndGlobalSection
	GlobalSection(ProjectConfigurationPlatforms) = postSolution
		{8B032327-4CA9-4ACC-881D-E50962EC9B94}.Debug|Any CPU.ActiveCfg = Debug|Any CPU
		{8B032327-4CA9-4ACC-881D-E50962EC9B94}.Debug|Any CPU.Build.0 = Debug|Any CPU
		{8B032327-4CA9-4ACC-881D-E50962EC9B94}.Release|Any CPU.ActiveCfg = Release|Any CPU
		{8B032327-4CA9-4ACC-881D-E50962EC9B94}.Release|Any CPU.Build.0 = Release|Any CPU
	EndGlobalSection
	GlobalSection(SolutionProperties) = preSolution
		HideSolutionNode = FALSE
	EndGlobalSection
	GlobalSection(ExtensibilityGlobals) = postSolution
		SolutionGuid = {E3BEAAA7-A4D7-4696-97DE-80C6750FA6FB}
	EndGlobalSection
EndGlobal
